
Microsoft Visual Studio Solution File, Format Version 12.00
# Visual Studio Version 16
VisualStudioVersion = 16.0.30413.136
MinimumVisualStudioVersion = 10.0.40219.1
Project("{FAE04EC0-301F-11D3-BF4B-00C04F79EFBC}") = "MicroServicoRecebeMsg", "MicroServicoRecebeMsg\MicroServicoRecebeMsg.csproj", "{8ECC4C00-2E78-4FBB-AD82-C0E15517357B}"
EndProject
Global
	GlobalSection(SolutionConfigurationPlatforms) = preSolution
		Debug|Any CPU = Debug|Any CPU
		Release|Any CPU = Release|Any CPU
	EndGlobalSection
	GlobalSection(ProjectConfigurationPlatforms) = postSolution
		{8ECC4C00-2E78-4FBB-AD82-C0E15517357B}.Debug|Any CPU.ActiveCfg = Debug|Any CPU
		{8ECC4C00-2E78-4FBB-AD82-C0E15517357B}.Debug|Any CPU.Build.0 = Debug|Any CPU
		{8ECC4C00-2E78-4FBB-AD82-C0E15517357B}.Release|Any CPU.ActiveCfg = Release|Any CPU
		{8ECC4C00-2E78-4FBB-AD82-C0E15517357B}.Release|Any CPU.Build.0 = Release|Any CPU
	EndGlobalSection
	GlobalSection(SolutionProperties) = preSolution
		HideSolutionNode = FALSE
	EndGlobalSection
	GlobalSection(ExtensibilityGlobals) = postSolution
		SolutionGuid = {E3A7439B-F901-4112-ABAF-B7358F2DB1FA}
	EndGlobalSection
EndGlobal
